# RimWorld Monorepo - Mod Lockfile Specification
# Generated and synchronized automatically. Tracks exact resolved versions and artifact locations.
version: 1
generated_at: "2026-09-26T12:00:00Z"
machine: "linux-box"

mods:
  harmony:
    source: steam_workshop
    workshop_id: "2009463077"
    resolved_version: "2.3.1.0"
    workshop_time_updated: 1700000000
    download_path: "mods/vendor/harmony"

  hugslib:
    source: github_release
    repo: "UnlimitedHugs/RimWorld-HugsLib"
    resolved_tag: "v11.0.0"
    asset_name: "HugsLib-11.0.0.zip"
    download_path: "mods/vendor/hugslib"
